
Microsoft Visual Studio Solution File, Format Version 12.00
# Visual Studio Version 17
VisualStudioVersion = 17.9.34728.123
MinimumVisualStudioVersion = 10.0.40219.1
Project("{FAE04EC0-301F-11D3-BF4B-00C04F79EFBC}") = "MejdisiIm", "MejdisiIm\MejdisiIm.csproj", "{BE16EA7A-01FD-4F15-B008-16C004FB9EB5}"
EndProject
Global
	GlobalSection(SolutionConfigurationPlatforms) = preSolution
		Debug|Any CPU = Debug|Any CPU
		Release|Any CPU = Release|Any CPU
	EndGlobalSection
	GlobalSection(ProjectConfigurationPlatforms) = postSolution
		{BE16EA7A-01FD-4F15-B008-16C004FB9EB5}.Debug|Any CPU.ActiveCfg = Debug|Any CPU
		{BE16EA7A-01FD-4F15-B008-16C004FB9EB5}.Debug|Any CPU.Build.0 = Debug|Any CPU
		{BE16EA7A-01FD-4F15-B008-16C004FB9EB5}.Release|Any CPU.ActiveCfg = Release|Any CPU
		{BE16EA7A-01FD-4F15-B008-16C004FB9EB5}.Release|Any CPU.Build.0 = Release|Any CPU
	EndGlobalSection
	GlobalSection(SolutionProperties) = preSolution
		HideSolutionNode = FALSE
	EndGlobalSection
	GlobalSection(ExtensibilityGlobals) = postSolution
		SolutionGuid = {97EAA0FF-0E7D-446D-8D14-883C08B88FB9}
	EndGlobalSection
EndGlobal
